[[package]]
category = "dev"
description = "Disable App Nap on OS X 10.9"
marker = "sys_platform == \"darwin\""
name = "appnope"
optional = false
python-versions = "*"
version = "0.1.0"

[[package]]
category = "dev"
description = "Atomic file writes."
marker = "sys_platform == \"win32\""
name = "atomicwrites"
optional = false
python-versions = ">=2.7, !=3.0.*, !=3.1.*, !=3.2.*, !=3.3.*"
version = "1.3.0"

[[package]]
category = "dev"
description = "Classes Without Boilerplate"
name = "attrs"
optional = false
python-versions = ">=2.7, !=3.0.*, !=3.1.*, !=3.2.*, !=3.3.*"
version = "19.3.0"

[[package]]
category = "dev"
description = "Specifications for callback functions passed in to an API"
name = "backcall"
optional = false
python-versions = "*"
version = "0.1.0"

[[package]]
category = "main"
description = "Composable command line interface toolkit"
name = "click"
optional = false
python-versions = ">=2.7, !=3.0.*, !=3.1.*, !=3.2.*, !=3.3.*, !=3.4.*"
version = "7.1.1"

[[package]]
category = "dev"
description = "Cross-platform colored terminal text."
marker = "sys_platform == \"win32\""
name = "colorama"
optional = false
python-versions = ">=2.7, !=3.0.*, !=3.1.*, !=3.2.*, !=3.3.*, !=3.4.*"
version = "0.4.3"

[[package]]
category = "main"
description = "A backport of the dataclasses module for Python 3.6"
marker = "python_version < \"3.7\""
name = "dataclasses"
optional = false
python-versions = "*"
version = "0.6"

[[package]]
category = "dev"
description = "Decorators for Humans"
name = "decorator"
optional = false
python-versions = ">=2.6, !=3.0.*, !=3.1.*"
version = "4.4.2"

[[package]]
category = "dev"
description = "Discover and load entry points from installed packages."
name = "entrypoints"
optional = false
python-versions = ">=2.7"
version = "0.3"

[[package]]
category = "main"
description = "FastAPI framework, high performance, easy to learn, fast to code, ready for production"
name = "fastapi"
optional = false
python-versions = ">=3.6"
version = "0.49.2"

[package.dependencies]
pydantic = ">=0.32.2,<2.0.0"
starlette = "0.12.9"

[[package]]
category = "dev"
description = "the modular source code checker: pep8, pyflakes and co"
name = "flake8"
optional = false
python-versions = ">=2.7, !=3.0.*, !=3.1.*, !=3.2.*, !=3.3.*"
version = "3.7.9"

[package.dependencies]
entrypoints = ">=0.3.0,<0.4.0"
mccabe = ">=0.6.0,<0.7.0"
pycodestyle = ">=2.5.0,<2.6.0"
pyflakes = ">=2.1.0,<2.2.0"

[[package]]
category = "main"
description = "A pure-Python, bring-your-own-I/O implementation of HTTP/1.1"
name = "h11"
optional = false
python-versions = "*"
version = "0.9.0"

[[package]]
category = "main"
description = "A collection of framework independent HTTP protocol utils."
marker = "sys_platform != \"win32\" and sys_platform != \"cygwin\" and platform_python_implementation != \"PyPy\""
name = "httptools"
optional = false
python-versions = "*"
version = "0.1.1"

[[package]]
category = "dev"
description = "Read metadata from Python packages"
marker = "python_version < \"3.8\""
name = "importlib-metadata"
optional = false
python-versions = "!=3.0.*,!=3.1.*,!=3.2.*,!=3.3.*,!=3.4.*,>=2.7"
version = "1.6.0"

[package.dependencies]
zipp = ">=0.5"

[[package]]
category = "dev"
description = "IPython: Productive Interactive Computing"
name = "ipython"
optional = false
python-versions = ">=3.6"
version = "7.13.0"

[package.dependencies]
appnope = "*"
backcall = "*"
colorama = "*"
decorator = "*"
jedi = ">=0.10"
pexpect = "*"
pickleshare = "*"
prompt-toolkit = ">=2.0.0,<3.0.0 || >3.0.0,<3.0.1 || >3.0.1,<3.1.0"
pygments = "*"
setuptools = ">=18.5"
traitlets = ">=4.2"

[[package]]
category = "dev"
description = "Vestigial utilities from IPython"
name = "ipython-genutils"
optional = false
python-versions = "*"
version = "0.2.0"

[[package]]
category = "dev"
description = "An autocompletion tool for Python that can be used for text editors."
name = "jedi"
optional = false
python-versions = ">=2.7, !=3.0.*, !=3.1.*, !=3.2.*, !=3.3.*, !=3.4.*"
version = "0.17.0"

[package.dependencies]
parso = ">=0.7.0"

[[package]]
category = "dev"
description = "McCabe checker, plugin for flake8"
name = "mccabe"
optional = false
python-versions = "*"
version = "0.6.1"

[[package]]
category = "dev"
description = "More routines for operating on iterables, beyond itertools"
name = "more-itertools"
optional = false
python-versions = ">=3.5"
version = "8.2.0"

[[package]]
category = "dev"
description = "Core utilities for Python packages"
name = "packaging"
optional = false
python-versions = ">=2.7, !=3.0.*, !=3.1.*, !=3.2.*, !=3.3.*"
version = "20.3"

[package.dependencies]
pyparsing = ">=2.0.2"
six = "*"

[[package]]
category = "dev"
description = "A Python Parser"
name = "parso"
optional = false
python-versions = ">=2.7, !=3.0.*, !=3.1.*, !=3.2.*, !=3.3.*"
version = "0.7.0"

[[package]]
category = "dev"
description = "Pexpect allows easy control of interactive console applications."
marker = "sys_platform != \"win32\""
name = "pexpect"
optional = false
python-versions = "*"
version = "4.8.0"

[package.dependencies]
ptyprocess = ">=0.5"

[[package]]
category = "dev"
description = "Tiny 'shelve'-like database with concurrency support"
name = "pickleshare"
optional = false
python-versions = "*"
version = "0.7.5"

[[package]]
category = "dev"
description = "plugin and hook calling mechanisms for python"
name = "pluggy"
optional = false
python-versions = ">=2.7, !=3.0.*, !=3.1.*, !=3.2.*, !=3.3.*"
version = "0.13.1"

[package.dependencies]
[package.dependencies.importlib-metadata]
python = "<3.8"
version = ">=0.12"

[[package]]
category = "dev"
description = "Library for building powerful interactive command lines in Python"
name = "prompt-toolkit"
optional = false
python-versions = ">=3.6"
version = "3.0.3"

[package.dependencies]
wcwidth = "*"

[[package]]
category = "dev"
description = "Run a subprocess in a pseudo terminal"
marker = "sys_platform != \"win32\""
name = "ptyprocess"
optional = false
python-versions = "*"
version = "0.6.0"

[[package]]
category = "dev"
description = "library with cross-python path, ini-parsing, io, code, log facilities"
name = "py"
optional = false
python-versions = ">=2.7, !=3.0.*, !=3.1.*, !=3.2.*, !=3.3.*"
version = "1.8.1"

[[package]]
category = "dev"
description = "Python style guide checker"
name = "pycodestyle"
optional = false
python-versions = ">=2.7, !=3.0.*, !=3.1.*, !=3.2.*, !=3.3.*"
version = "2.5.0"

[[package]]
category = "main"
description = "Data validation and settings management using python 3.6 type hinting"
name = "pydantic"
optional = false
python-versions = ">=3.6"
version = "1.5.1"

[package.dependencies]
[package.dependencies.dataclasses]
python = "<3.7"
version = ">=0.6"

[[package]]
category = "dev"
description = "passive checker of Python programs"
name = "pyflakes"
optional = false
python-versions = ">=2.7, !=3.0.*, !=3.1.*, !=3.2.*, !=3.3.*"
version = "2.1.1"

[[package]]
category = "dev"
description = "Pygments is a syntax highlighting package written in Python."
name = "pygments"
optional = false
python-versions = ">=3.5"
version = "2.6.1"

[[package]]
category = "dev"
description = "Python parsing module"
name = "pyparsing"
optional = false
python-versions = ">=2.6, !=3.0.*, !=3.1.*, !=3.2.*"
version = "2.4.7"

[[package]]
category = "dev"
description = "pytest: simple powerful testing with Python"
name = "pytest"
optional = false
python-versions = ">=3.5"
version = "5.4.1"

[package.dependencies]
atomicwrites = ">=1.0"
attrs = ">=17.4.0"
colorama = "*"
more-itertools = ">=4.0.0"
packaging = "*"
pluggy = ">=0.12,<1.0"
py = ">=1.5.0"
wcwidth = "*"

[package.dependencies.importlib-metadata]
python = "<3.8"
version = ">=0.12"

[[package]]
category = "dev"
description = "Pytest support for asyncio."
name = "pytest-asyncio"
optional = false
python-versions = ">= 3.5"
version = "0.11.0"

[package.dependencies]
pytest = ">=5.4.0"

[[package]]
category = "dev"
description = "Python 2 and 3 compatibility utilities"
name = "six"
optional = false
python-versions = ">=2.7, !=3.0.*, !=3.1.*, !=3.2.*"
version = "1.14.0"

[[package]]
category = "main"
description = "The little ASGI library that shines."
name = "starlette"
optional = false
python-versions = ">=3.6"
version = "0.12.9"

[[package]]
category = "dev"
description = "Traitlets Python config system"
name = "traitlets"
optional = false
python-versions = "*"
version = "4.3.3"

[package.dependencies]
decorator = "*"
ipython-genutils = "*"
six = "*"

[[package]]
category = "main"
description = "The lightning-fast ASGI server."
name = "uvicorn"
optional = false
python-versions = "*"
version = "0.11.3"

[package.dependencies]
click = ">=7.0.0,<8.0.0"
h11 = ">=0.8,<0.10"
httptools = ">=0.1.0,<0.2.0"
uvloop = ">=0.14.0"
websockets = ">=8.0.0,<9.0.0"

[[package]]
category = "main"
description = "Fast implementation of asyncio event loop on top of libuv"
marker = "sys_platform != \"win32\" and sys_platform != \"cygwin\" and platform_python_implementation != \"PyPy\""
name = "uvloop"
optional = false
python-versions = "*"
version = "0.14.0"

[[package]]
category = "dev"
description = "Measures number of Terminal column cells of wide-character codes"
name = "wcwidth"
optional = false
python-versions = "*"
version = "0.1.9"

[[package]]
category = "main"
description = "An implementation of the WebSocket Protocol (RFC 6455 & 7692)"
name = "websockets"
optional = false
python-versions = ">=3.6"
version = "8.0.2"

[[package]]
category = "dev"
description = "Backport of pathlib-compatible object wrapper for zip files"
marker = "python_version < \"3.8\""
name = "zipp"
optional = false
python-versions = ">=3.6"
version = "3.1.0"

[metadata]
content-hash = "f6ad4bc57edf285f26c131e7c9adb98f4e03800ad234b01d10ce389907f74c0a"
python-versions = "^3.6"

[metadata.hashes]
appnope = ["5b26757dc6f79a3b7dc9fab95359328d5747fcb2409d331ea66d0272b90ab2a0", "8b995ffe925347a2138d7ac0fe77155e4311a0ea6d6da4f5128fe4b3cbe5ed71"]
atomicwrites = ["03472c30eb2c5d1ba9227e4c2ca66ab8287fbfbbda3888aa93dc2e28fc6811b4", "75a9445bac02d8d058d5e1fe689654ba5a6556a1dfd8ce6ec55a0ed79866cfa6"]
attrs = ["08a96c641c3a74e44eb59afb61a24f2cb9f4d7188748e76ba4bb5edfa3cb7d1c", "f7b7ce16570fe9965acd6d30101a28f62fb4a7f9e926b3bbc9b61f8b04247e72"]
backcall = ["38ecd85be2c1e78f77fd91700c76e14667dc21e2713b63876c0eb901196e01e4", "bbbf4b1e5cd2bdb08f915895b51081c041bac22394fdfcfdfbe9f14b77c08bf2"]
click = ["8a18b4ea89d8820c5d0c7da8a64b2c324b4dabb695804dbfea19b9be9d88c0cc", "e345d143d80bf5ee7534056164e5e112ea5e22716bbb1ce727941f4c8b471b9a"]
colorama = ["7d73d2a99753107a36ac6b455ee49046802e59d9d076ef8e47b61499fa29afff", "e96da0d330793e2cb9485e9ddfd918d456036c7149416295932478192f4436a1"]
dataclasses = ["454a69d788c7fda44efd71e259be79577822f5e3f53f029a22d08004e951dc9f", "6988bd2b895eef432d562370bb707d540f32f7360ab13da45340101bc2307d84"]
decorator = ["41fa54c2a0cc4ba648be4fd43cff00aedf5b9465c9bf18d64325bc225f08f760", "e3a62f0520172440ca0dcc823749319382e377f37f140a0b99ef45fecb84bfe7"]
entrypoints = ["589f874b313739ad35be6e0cd7efde2a4e9b6fea91edcc34e58ecbb8dbe56d19", "c70dd71abe5a8c85e55e12c19bd91ccfeec11a6e99044204511f9ed547d48451"]
fastapi = ["68395725aac4342896b4f9aa335c7e7fb773b565df7f96e964e24bffb84dc5a3", "e3b479c61d8a02ec6c80ebbc2ee2d621a32855ffffedd55fd5f2993c6dbdcc1e"]
flake8 = ["45681a117ecc81e870cbf1262835ae4af5e7a8b08e40b944a8a6e6b895914cfb", "49356e766643ad15072a789a20915d3c91dc89fd313ccd71802303fd67e4deca"]
h11 = ["33d4bca7be0fa039f4e84d50ab00531047e53d6ee8ffbc83501ea602c169cae1", "4bc6d6a1238b7615b266ada57e0618568066f57dd6fa967d1290ec9309b2f2f1"]
httptools = ["0a4b1b2012b28e68306575ad14ad5e9120b34fccd02a81eb08838d7e3bbb48be", "3592e854424ec94bd17dc3e0c96a64e459ec4147e6d53c0a42d0ebcef9cb9c5d", "41b573cf33f64a8f8f3400d0a7faf48e1888582b6f6e02b82b9bd4f0bf7497ce", "56b6393c6ac7abe632f2294da53f30d279130a92e8ae39d8d14ee2e1b05ad1f2", "86c6acd66765a934e8730bf0e9dfaac6fdcf2a4334212bd4a0a1c78f16475ca6", "96da81e1992be8ac2fd5597bf0283d832287e20cb3cfde8996d2b00356d4e17f", "96eb359252aeed57ea5c7b3d79839aaa0382c9d3149f7d24dd7172b1bcecb009", "a2719e1d7a84bb131c4f1e0cb79705034b48de6ae486eb5297a139d6a3296dce", "ac0aa11e99454b6a66989aa2d44bca41d4e0f968e395a0a8f164b401fefe359a", "bc3114b9edbca5a1eb7ae7db698c669eb53eb8afbbebdde116c174925260849c", "fa3cd71e31436911a44620473e873a256851e1f53dee56669dae403ba41756a4", "fea04e126014169384dee76a153d4573d90d0cbd1d12185da089f73c78390437"]
importlib-metadata = ["2a688cbaa90e0cc587f1df48bdc97a6eadccdcd9c35fb3f976a09e3b5016d90f", "34513a8a0c4962bc66d35b359558fd8a5e10cd472d37aec5f66858addef32c1e"]
ipython = ["ca478e52ae1f88da0102360e57e528b92f3ae4316aabac80a2cd7f7ab2efb48a", "eb8d075de37f678424527b5ef6ea23f7b80240ca031c2dd6de5879d687a65333"]
ipython-genutils = ["72dd37233799e619666c9f639a9da83c34013a73e8bbc79a7a6348d93c61fab8", "eb2e116e75ecef9d4d228fdc66af54269afa26ab4463042e33785b887c628ba8"]
jedi = ["cd60c93b71944d628ccac47df9a60fec53150de53d42dc10a7fc4b5ba6aae798", "df40c97641cb943661d2db4c33c2e1ff75d491189423249e989bcea4464f3030"]
mccabe = ["ab8a6258860da4b6677da4bd2fe5dc2c659cff31b3ee4f7f5d64e79735b80d42", "dd8d182285a0fe56bace7f45b5e7d1a6ebcbf524e8f3bd87eb0f125271b8831f"]
more-itertools = ["5dd8bcf33e5f9513ffa06d5ad33d78f31e1931ac9a18f33d37e77a180d393a7c", "b1ddb932186d8a6ac451e1d95844b382f55e12686d51ca0c68b6f61f2ab7a507"]
packaging = ["3c292b474fda1671ec57d46d739d072bfd495a4f51ad01a055121d81e952b7a3", "82f77b9bee21c1bafbf35a84905d604d5d1223801d639cf3ed140bd651c08752"]
parso = ["158c140fc04112dc45bca311633ae5033c2c2a7b732fa33d0955bad8152a8dd0", "908e9fae2144a076d72ae4e25539143d40b8e3eafbaeae03c1bfe226f4cdf12c"]
pexpect = ["0b48a55dcb3c05f3329815901ea4fc1537514d6ba867a152b581d69ae3710937", "fc65a43959d153d0114afe13997d439c22823a27cefceb5ff35c2178c6784c0c"]
pickleshare = ["87683d47965c1da65cdacaf31c8441d12b8044cdec9aca500cd78fc2c683afca", "9649af414d74d4df115d5d718f82acb59c9d418196b7b4290ed47a12ce62df56"]
pluggy = ["15b2acde666561e1298d71b523007ed7364de07029219b604cf808bfa1c765b0", "966c145cd83c96502c3c3868f50408687b38434af77734af1e9ca461a4081d2d"]
prompt-toolkit = ["a402e9bf468b63314e37460b68ba68243d55b2f8c4d0192f85a019af3945050e", "c93e53af97f630f12f5f62a3274e79527936ed466f038953dfa379d4941f651a"]
ptyprocess = ["923f299cc5ad920c68f2bc0bc98b75b9f838b93b599941a6b63ddbc2476394c0", "d7cc528d76e76342423ca640335bd3633420dc1366f258cb31d05e865ef5ca1f"]
py = ["5e27081401262157467ad6e7f851b7aa402c5852dbcb3dae06768434de5752aa", "c20fdd83a5dbc0af9efd622bee9a5564e278f6380fffcacc43ba6f43db2813b0"]
pycodestyle = ["95a2219d12372f05704562a14ec30bc76b05a5b297b21a5dfe3f6fac3491ae56", "e40a936c9a450ad81df37f549d676d127b1b66000a6c500caa2b085bc0ca976c"]
pydantic = ["0a1cdf24e567d42dc762d3fed399bd211a13db2e8462af9dfa93b34c41648efb", "2007eb062ed0e57875ce8ead12760a6e44bf5836e6a1a7ea81d71eeecf3ede0f", "20a15a303ce1e4d831b4e79c17a4a29cb6740b12524f5bba3ea363bff65732bc", "2a6904e9f18dea58f76f16b95cba6a2f20b72d787abd84ecd67ebc526e61dce6", "3714a4056f5bdbecf3a41e0706ec9b228c9513eee2ad884dc2c568c4dfa540e9", "473101121b1bd454c8effc9fe66d54812fdc128184d9015c5aaa0d4e58a6d338", "68dece67bff2b3a5cc188258e46b49f676a722304f1c6148ae08e9291e284d98", "70f27d2f0268f490fe3de0a9b6fca7b7492b8fd6623f9fecd25b221ebee385e3", "8433dbb87246c0f562af75d00fa80155b74e4f6924b0db6a2078a3cd2f11c6c4", "8be325fc9da897029ee48d1b5e40df817d97fe969f3ac3fd2434ba7e198c55d5", "93b9f265329d9827f39f0fca68f5d72cc8321881cdc519a1304fa73b9f8a75bd", "9be755919258d5d168aeffbe913ed6e8bd562e018df7724b68cabdee3371e331", "ab863853cb502480b118187d670f753be65ec144e1654924bec33d63bc8b3ce2", "b96ce81c4b5ca62ab81181212edfd057beaa41411cd9700fbcb48a6ba6564b4e", "da8099fca5ee339d5572cfa8af12cf0856ae993406f0b1eb9bb38c8a660e7416", "e2c753d355126ddd1eefeb167fa61c7037ecd30b98e7ebecdc0d1da463b4ea09", "f0018613c7a0d19df3240c2a913849786f21b6539b9f23d85ce4067489dfacfa"]
pyflakes = ["17dbeb2e3f4d772725c777fabc446d5634d1038f234e77343108ce445ea69ce0", "d976835886f8c5b31d47970ed689944a0262b5f3afa00a5a7b4dc81e5449f8a2"]
pygments = ["647344a061c249a3b74e230c739f434d7ea4d8b1d5f3721bc0f3558049b38f44", "ff7a40b4860b727ab48fad6360eb351cc1b33cbf9b15a0f689ca5353e9463324"]
pyparsing = ["c203ec8783bf771a155b207279b9bccb8dea02d8f0c9e5f8ead507bc3246ecc1", "ef9d7589ef3c200abe66653d3f1ab1033c3c419ae9b9bdb1240a85b024efc88b"]
pytest = ["0e5b30f5cb04e887b91b1ee519fa3d89049595f428c1db76e73bd7f17b09b172", "84dde37075b8805f3d1f392cc47e38a0e59518fb46a431cfdaf7cf1ce805f970"]
pytest-asyncio = ["6096d101a1ae350d971df05e25f4a8b4d3cd13ffb1b32e42d902ac49670d2bfa", "c54866f3cf5dd2063992ba2c34784edae11d3ed19e006d220a3cf0bfc4191fcb"]
six = ["236bdbdce46e6e6a3d61a337c0f8b763ca1e8717c03b369e87a7ec7ce1319c0a", "8f3cd2e254d8f793e7f3d6d9df77b92252b52637291d0f0da013c76ea2724b6c"]
starlette = ["c2ac9a42e0e0328ad20fe444115ac5e3760c1ee2ac1ff8cdb5ec915c4a453411"]
traitlets = ["70b4c6a1d9019d7b4f6846832288f86998aa3b9207c6821f3578a6a6a467fe44", "d023ee369ddd2763310e4c3eae1ff649689440d4ae59d7485eb4cfbbe3e359f7"]
uvicorn = ["0f58170165c4495f563d8224b2f415a0829af0412baa034d6f777904613087fd", "6fdaf8e53bf1b2ddf0fe9ed06079b5348d7d1d87b3365fe2549e6de0d49e631c"]
uvloop = ["08b109f0213af392150e2fe6f81d33261bb5ce968a288eb698aad4f46eb711bd", "123ac9c0c7dd71464f58f1b4ee0bbd81285d96cdda8bc3519281b8973e3a461e", "4315d2ec3ca393dd5bc0b0089d23101276778c304d42faff5dc4579cb6caef09", "4544dcf77d74f3a84f03dd6278174575c44c67d7165d4c42c71db3fdc3860726", "afd5513c0ae414ec71d24f6f123614a80f3d27ca655a4fcf6cabe50994cc1891", "b4f591aa4b3fa7f32fb51e2ee9fea1b495eb75b0b3c8d0ca52514ad675ae63f7", "bcac356d62edd330080aed082e78d4b580ff260a677508718f88016333e2c9c5", "e7514d7a48c063226b7d06617cbb12a14278d4323a065a8d46a7962686ce2e95", "f07909cd9fc08c52d294b1570bba92186181ca01fe3dc9ffba68955273dd7362"]
wcwidth = ["cafe2186b3c009a04067022ce1dcd79cb38d8d65ee4f4791b8888d6599d1bbe1", "ee73862862a156bf77ff92b09034fc4825dd3af9cf81bc5b360668d425f3c5f1"]
websockets = ["049e694abe33f8a1d99969fee7bfc0ae6761f7fd5f297c58ea933b27dd6805f2", "73ce69217e4655783ec72ce11c151053fcbd5b837cc39de7999e19605182e28a", "83e63aa73331b9ca21af61df8f115fb5fbcba3f281bee650a4ad16a40cd1ef15", "882a7266fa867a2ebb2c0baaa0f9159cabf131cf18c1b4270d79ad42f9208dc5", "8c77f7d182a6ea2a9d09c2612059f3ad859a90243e899617137ee3f6b7f2b584", "8d7a20a2f97f1e98c765651d9fb9437201a9ccc2c70e94b0270f1c5ef29667a3", "a7affaeffbc5d55681934c16bb6b8fc82bb75b175e7fd4dcca798c938bde8dda", "c82e286555f839846ef4f0fdd6910769a577952e1e26aa8ee7a6f45f040e3c2b", "e906128532a14b9d264a43eb48f9b3080d53a9bda819ab45bf56b8039dc606ac", "e9102043a81cdc8b7c8032ff4bce39f6229e4ac39cb2010946c912eeb84e2cb6", "f5cb2683367e32da6a256b60929a3af9c29c212b5091cf5bace9358d03011bf5"]
zipp = ["aa36550ff0c0b7ef7fa639055d797116ee891440eac1a56f378e2d3179e0320b", "c599e4d75c98f6798c509911d08a22e6c021d074469042177c8c86fb92eefd96"]
